
Microsoft Visual Studio Solution File, Format Version 12.00
# Visual Studio Version 16
VisualStudioVersion = 16.0.29926.136
MinimumVisualStudioVersion = 10.0.40219.1
Project("{FAE04EC0-301F-11D3-BF4B-00C04F79EFBC}") = "ProgramaAlunoProfessor", "ProgramaAlunoProfessor\ProgramaAlunoProfessor.csproj", "{39D437B5-71AC-43D2-8EC8-721339840D86}"
EndProject
Global
	GlobalSection(SolutionConfigurationPlatforms) = preSolution
		Debug|Any CPU = Debug|Any CPU
		Release|Any CPU = Release|Any CPU
	EndGlobalSection
	GlobalSection(ProjectConfigurationPlatforms) = postSolution
		{39D437B5-71AC-43D2-8EC8-721339840D86}.Debug|Any CPU.ActiveCfg = Debug|Any CPU
		{39D437B5-71AC-43D2-8EC8-721339840D86}.Debug|Any CPU.Build.0 = Debug|Any CPU
		{39D437B5-71AC-43D2-8EC8-721339840D86}.Release|Any CPU.ActiveCfg = Release|Any CPU
		{39D437B5-71AC-43D2-8EC8-721339840D86}.Release|Any CPU.Build.0 = Release|Any CPU
	EndGlobalSection
	GlobalSection(SolutionProperties) = preSolution
		HideSolutionNode = FALSE
	EndGlobalSection
	GlobalSection(ExtensibilityGlobals) = postSolution
		SolutionGuid = {B70EA210-099C-4266-A327-57F6D5BA1297}
	EndGlobalSection
EndGlobal
